
Microsoft Visual Studio Solution File, Format Version 12.00
# Visual Studio Version 17
VisualStudioVersion = 17.4.33205.214
MinimumVisualStudioVersion = 10.0.40219.1
Project("{2150E333-8FDC-42A3-9474-1A3956D46DE8}") = "Src", "Src", "{AD2CDEE5-C116-4C3A-B9F1-43178CC6CD0E}"
EndProject
Project("{2150E333-8FDC-42A3-9474-1A3956D46DE8}") = "Docs", "Docs", "{6912C680-3D32-4B59-869E-E0BEF0E1A80A}"
	ProjectSection(SolutionItems) = preProject
		Docs\ClassDiagram.drawio = Docs\ClassDiagram.drawio
		Docs\SubDomains.drawio = Docs\SubDomains.drawio
	EndProjectSection
EndProject
Project("{2150E333-8FDC-42A3-9474-1A3956D46DE8}") = "Common", "Common", "{96623619-DE40-4A68-BDF8-14B40E42CE6A}"
EndProject
Project("{2150E333-8FDC-42A3-9474-1A3956D46DE8}") = "EndPoints", "EndPoints", "{1E4E9EE1-6B55-4B2F-8F6D-FE0DC1372B92}"
EndProject
Project("{2150E333-8FDC-42A3-9474-1A3956D46DE8}") = "Modules", "Modules", "{E91134E4-140E-4608-A6A3-25BDF265C963}"
EndProject
Project("{2150E333-8FDC-42A3-9474-1A3956D46DE8}") = "Blog", "Blog", "{569547D0-5558-4DDA-BE37-A824331E5F09}"
EndProject
Project("{9A19103F-16F7-4668-BE54-9A1E7A4F7556}") = "BlogModule", "src\Modules\Blog\BlogModule\BlogModule.csproj", "{CBC48C87-9914-4B35-90FB-02F95C91DB1D}"
EndProject
Project("{9A19103F-16F7-4668-BE54-9A1E7A4F7556}") = "Api", "Src\EndPoints\Api\Api.csproj", "{BE02A590-048C-4005-B3D5-7D80A52537AA}"
EndProject
Project("{9A19103F-16F7-4668-BE54-9A1E7A4F7556}") = "Common.Application", "Src\Common\Common.Application\Common.Application.csproj", "{411EA0B1-E0EF-4E2D-B91E-3755CB67266B}"
EndProject
Project("{9A19103F-16F7-4668-BE54-9A1E7A4F7556}") = "Common.AspNetCore", "Src\Common\Common.AspNetCore\Common.AspNetCore.csproj", "{22A6682B-F3BF-4B59-8847-1100F540BE52}"
EndProject
Project("{9A19103F-16F7-4668-BE54-9A1E7A4F7556}") = "Common.CachHelper", "Src\Common\Common.CachHelper\Common.CachHelper.csproj", "{9515A1DE-9A35-4D1D-A1EF-DDEA7ADCE2B7}"
EndProject
Project("{9A19103F-16F7-4668-BE54-9A1E7A4F7556}") = "Common.Domain", "Src\Common\Common.Domain\Common.Domain.csproj", "{57EE1FF2-EDDA-4CF0-82C0-B026C5390FE1}"
EndProject
Project("{9A19103F-16F7-4668-BE54-9A1E7A4F7556}") = "Common.Query", "Src\Common\Common.Query\Common.Query.csproj", "{1D429089-DA05-4871-B6BC-34E84A2F75A4}"
EndProject
Project("{9A19103F-16F7-4668-BE54-9A1E7A4F7556}") = "Common.Infrastructure", "Src\Common\Common.Infrastructure\Common.Infrastructure.csproj", "{60EF4644-EC76-47AF-A429-C17CE660DDF4}"
EndProject
Project("{2150E333-8FDC-42A3-9474-1A3956D46DE8}") = "Ticket", "Ticket", "{25855D12-76BF-4ECB-9430-A9669307A151}"
EndProject
Project("{9A19103F-16F7-4668-BE54-9A1E7A4F7556}") = "TicketModule", "Src\Modules\Ticket\TicketModule\TicketModule.csproj", "{C3D96A62-E98C-41CA-BFE6-9844463BD771}"
EndProject
Project("{2150E333-8FDC-42A3-9474-1A3956D46DE8}") = "User", "User", "{519743AC-77EE-447F-9216-240B1D854B70}"
EndProject
Project("{9A19103F-16F7-4668-BE54-9A1E7A4F7556}") = "UserModule.Core", "Src\Modules\User\UserModule.Core\UserModule.Core.csproj", "{225B785B-529A-45C6-ACD3-3652E8FCE4A3}"
EndProject
Project("{9A19103F-16F7-4668-BE54-9A1E7A4F7556}") = "UserModule.Data", "Src\Modules\User\UserModule.Data\UserModule.Data.csproj", "{4B0C7972-9B4C-4D28-9049-905B3A906011}"
EndProject
Project("{FAE04EC0-301F-11D3-BF4B-00C04F79EFBC}") = "Web", "Src\EndPoints\Web\Web.csproj", "{95D3B741-B943-4952-8780-46889B2E173B}"
EndProject
Global
	GlobalSection(SolutionConfigurationPlatforms) = preSolution
		Debug|Any CPU = Debug|Any CPU
		Release|Any CPU = Release|Any CPU
	EndGlobalSection
	GlobalSection(ProjectConfigurationPlatforms) = postSolution
		{CBC48C87-9914-4B35-90FB-02F95C91DB1D}.Debug|Any CPU.ActiveCfg = Debug|Any CPU
		{CBC48C87-9914-4B35-90FB-02F95C91DB1D}.Debug|Any CPU.Build.0 = Debug|Any CPU
		{CBC48C87-9914-4B35-90FB-02F95C91DB1D}.Release|Any CPU.ActiveCfg = Release|Any CPU
		{CBC48C87-9914-4B35-90FB-02F95C91DB1D}.Release|Any CPU.Build.0 = Release|Any CPU
		{BE02A590-048C-4005-B3D5-7D80A52537AA}.Debug|Any CPU.ActiveCfg = Debug|Any CPU
		{BE02A590-048C-4005-B3D5-7D80A52537AA}.Debug|Any CPU.Build.0 = Debug|Any CPU
		{BE02A590-048C-4005-B3D5-7D80A52537AA}.Release|Any CPU.ActiveCfg = Release|Any CPU
		{BE02A590-048C-4005-B3D5-7D80A52537AA}.Release|Any CPU.Build.0 = Release|Any CPU
		{411EA0B1-E0EF-4E2D-B91E-3755CB67266B}.Debug|Any CPU.ActiveCfg = Debug|Any CPU
		{411EA0B1-E0EF-4E2D-B91E-3755CB67266B}.Debug|Any CPU.Build.0 = Debug|Any CPU
		{411EA0B1-E0EF-4E2D-B91E-3755CB67266B}.Release|Any CPU.ActiveCfg = Release|Any CPU
		{411EA0B1-E0EF-4E2D-B91E-3755CB67266B}.Release|Any CPU.Build.0 = Release|Any CPU
		{22A6682B-F3BF-4B59-8847-1100F540BE52}.Debug|Any CPU.ActiveCfg = Debug|Any CPU
		{22A6682B-F3BF-4B59-8847-1100F540BE52}.Debug|Any CPU.Build.0 = Debug|Any CPU
		{22A6682B-F3BF-4B59-8847-1100F540BE52}.Release|Any CPU.ActiveCfg = Release|Any CPU
		{22A6682B-F3BF-4B59-8847-1100F540BE52}.Release|Any CPU.Build.0 = Release|Any CPU
		{9515A1DE-9A35-4D1D-A1EF-DDEA7ADCE2B7}.Debug|Any CPU.ActiveCfg = Debug|Any CPU
		{9515A1DE-9A35-4D1D-A1EF-DDEA7ADCE2B7}.Debug|Any CPU.Build.0 = Debug|Any CPU
		{9515A1DE-9A35-4D1D-A1EF-DDEA7ADCE2B7}.Release|Any CPU.ActiveCfg = Release|Any CPU
		{9515A1DE-9A35-4D1D-A1EF-DDEA7ADCE2B7}.Release|Any CPU.Build.0 = Release|Any CPU
		{57EE1FF2-EDDA-4CF0-82C0-B026C5390FE1}.Debug|Any CPU.ActiveCfg = Debug|Any CPU
		{57EE1FF2-EDDA-4CF0-82C0-B026C5390FE1}.Debug|Any CPU.Build.0 = Debug|Any CPU
		{57EE1FF2-EDDA-4CF0-82C0-B026C5390FE1}.Release|Any CPU.ActiveCfg = Release|Any CPU
		{57EE1FF2-EDDA-4CF0-82C0-B026C5390FE1}.Release|Any CPU.Build.0 = Release|Any CPU
		{1D429089-DA05-4871-B6BC-34E84A2F75A4}.Debug|Any CPU.ActiveCfg = Debug|Any CPU
		{1D429089-DA05-4871-B6BC-34E84A2F75A4}.Debug|Any CPU.Build.0 = Debug|Any CPU
		{1D429089-DA05-4871-B6BC-34E84A2F75A4}.Release|Any CPU.ActiveCfg = Release|Any CPU
		{1D429089-DA05-4871-B6BC-34E84A2F75A4}.Release|Any CPU.Build.0 = Release|Any CPU
		{60EF4644-EC76-47AF-A429-C17CE660DDF4}.Debug|Any CPU.ActiveCfg = Debug|Any CPU
		{60EF4644-EC76-47AF-A429-C17CE660DDF4}.Debug|Any CPU.Build.0 = Debug|Any CPU
		{60EF4644-EC76-47AF-A429-C17CE660DDF4}.Release|Any CPU.ActiveCfg = Release|Any CPU
		{60EF4644-EC76-47AF-A429-C17CE660DDF4}.Release|Any CPU.Build.0 = Release|Any CPU
		{C3D96A62-E98C-41CA-BFE6-9844463BD771}.Debug|Any CPU.ActiveCfg = Debug|Any CPU
		{C3D96A62-E98C-41CA-BFE6-9844463BD771}.Debug|Any CPU.Build.0 = Debug|Any CPU
		{C3D96A62-E98C-41CA-BFE6-9844463BD771}.Release|Any CPU.ActiveCfg = Release|Any CPU
		{C3D96A62-E98C-41CA-BFE6-9844463BD771}.Release|Any CPU.Build.0 = Release|Any CPU
		{225B785B-529A-45C6-ACD3-3652E8FCE4A3}.Debug|Any CPU.ActiveCfg = Debug|Any CPU
		{225B785B-529A-45C6-ACD3-3652E8FCE4A3}.Debug|Any CPU.Build.0 = Debug|Any CPU
		{225B785B-529A-45C6-ACD3-3652E8FCE4A3}.Release|Any CPU.ActiveCfg = Release|Any CPU
		{225B785B-529A-45C6-ACD3-3652E8FCE4A3}.Release|Any CPU.Build.0 = Release|Any CPU
		{4B0C7972-9B4C-4D28-9049-905B3A906011}.Debug|Any CPU.ActiveCfg = Debug|Any CPU
		{4B0C7972-9B4C-4D28-9049-905B3A906011}.Debug|Any CPU.Build.0 = Debug|Any CPU
		{4B0C7972-9B4C-4D28-9049-905B3A906011}.Release|Any CPU.ActiveCfg = Release|Any CPU
		{4B0C7972-9B4C-4D28-9049-905B3A906011}.Release|Any CPU.Build.0 = Release|Any CPU
		{95D3B741-B943-4952-8780-46889B2E173B}.Debug|Any CPU.ActiveCfg = Debug|Any CPU
		{95D3B741-B943-4952-8780-46889B2E173B}.Debug|Any CPU.Build.0 = Debug|Any CPU
		{95D3B741-B943-4952-8780-46889B2E173B}.Release|Any CPU.ActiveCfg = Release|Any CPU
		{95D3B741-B943-4952-8780-46889B2E173B}.Release|Any CPU.Build.0 = Release|Any CPU
	EndGlobalSection
	GlobalSection(SolutionProperties) = preSolution
		HideSolutionNode = FALSE
	EndGlobalSection
	GlobalSection(NestedProjects) = preSolution
		{96623619-DE40-4A68-BDF8-14B40E42CE6A} = {AD2CDEE5-C116-4C3A-B9F1-43178CC6CD0E}
		{1E4E9EE1-6B55-4B2F-8F6D-FE0DC1372B92} = {AD2CDEE5-C116-4C3A-B9F1-43178CC6CD0E}
		{E91134E4-140E-4608-A6A3-25BDF265C963} = {AD2CDEE5-C116-4C3A-B9F1-43178CC6CD0E}
		{569547D0-5558-4DDA-BE37-A824331E5F09} = {E91134E4-140E-4608-A6A3-25BDF265C963}
		{CBC48C87-9914-4B35-90FB-02F95C91DB1D} = {569547D0-5558-4DDA-BE37-A824331E5F09}
		{BE02A590-048C-4005-B3D5-7D80A52537AA} = {1E4E9EE1-6B55-4B2F-8F6D-FE0DC1372B92}
		{411EA0B1-E0EF-4E2D-B91E-3755CB67266B} = {96623619-DE40-4A68-BDF8-14B40E42CE6A}
		{22A6682B-F3BF-4B59-8847-1100F540BE52} = {96623619-DE40-4A68-BDF8-14B40E42CE6A}
		{9515A1DE-9A35-4D1D-A1EF-DDEA7ADCE2B7} = {96623619-DE40-4A68-BDF8-14B40E42CE6A}
		{57EE1FF2-EDDA-4CF0-82C0-B026C5390FE1} = {96623619-DE40-4A68-BDF8-14B40E42CE6A}
		{1D429089-DA05-4871-B6BC-34E84A2F75A4} = {96623619-DE40-4A68-BDF8-14B40E42CE6A}
		{60EF4644-EC76-47AF-A429-C17CE660DDF4} = {96623619-DE40-4A68-BDF8-14B40E42CE6A}
		{25855D12-76BF-4ECB-9430-A9669307A151} = {E91134E4-140E-4608-A6A3-25BDF265C963}
		{C3D96A62-E98C-41CA-BFE6-9844463BD771} = {25855D12-76BF-4ECB-9430-A9669307A151}
		{519743AC-77EE-447F-9216-240B1D854B70} = {E91134E4-140E-4608-A6A3-25BDF265C963}
		{225B785B-529A-45C6-ACD3-3652E8FCE4A3} = {519743AC-77EE-447F-9216-240B1D854B70}
		{4B0C7972-9B4C-4D28-9049-905B3A906011} = {519743AC-77EE-447F-9216-240B1D854B70}
		{95D3B741-B943-4952-8780-46889B2E173B} = {1E4E9EE1-6B55-4B2F-8F6D-FE0DC1372B92}
	EndGlobalSection
	GlobalSection(ExtensibilityGlobals) = postSolution
		SolutionGuid = {4F40235B-A2F5-41B7-B43B-C5EB050625F8}
	EndGlobalSection
EndGlobal
